
Microsoft Visual Studio Solution File, Format Version 12.00
Project("{FAE04EC0-301F-11D3-BF4B-00C04F79EFBC}") = "StandardBuilder", "StandardBuilder\StandardBuilder.csproj", "{F904175D-90BD-46A4-9A61-546F4190EA64}"
EndProject
Global
	GlobalSection(SolutionConfigurationPlatforms) = preSolution
		Debug|Any CPU = Debug|Any CPU
		Release|Any CPU = Release|Any CPU
	EndGlobalSection
	GlobalSection(ProjectConfigurationPlatforms) = postSolution
		{F904175D-90BD-46A4-9A61-546F4190EA64}.Debug|Any CPU.ActiveCfg = Debug|Any CPU
		{F904175D-90BD-46A4-9A61-546F4190EA64}.Debug|Any CPU.Build.0 = Debug|Any CPU
		{F904175D-90BD-46A4-9A61-546F4190EA64}.Release|Any CPU.ActiveCfg = Release|Any CPU
		{F904175D-90BD-46A4-9A61-546F4190EA64}.Release|Any CPU.Build.0 = Release|Any CPU
	EndGlobalSection
EndGlobal
